
Microsoft Visual Studio Solution File, Format Version 12.00
# Visual Studio 15
VisualStudioVersion = 15.0.26730.3
MinimumVisualStudioVersion = 10.0.40219.1
Project("{FAE04EC0-301F-11D3-BF4B-00C04F79EFBC}") = "Smanager", "Smanager\Smanager.csproj", "{33F8F2B1-E7B6-452E-96EF-FE92543FC2CB}"
EndProject
Global
	GlobalSection(SolutionConfigurationPlatforms) = preSolution
		Debug|Any CPU = Debug|Any CPU
		Release|Any CPU = Release|Any CPU
	EndGlobalSection
	GlobalSection(ProjectConfigurationPlatforms) = postSolution
		{33F8F2B1-E7B6-452E-96EF-FE92543FC2CB}.Debug|Any CPU.ActiveCfg = Debug|Any CPU
		{33F8F2B1-E7B6-452E-96EF-FE92543FC2CB}.Debug|Any CPU.Build.0 = Debug|Any CPU
		{33F8F2B1-E7B6-452E-96EF-FE92543FC2CB}.Release|Any CPU.ActiveCfg = Release|Any CPU
		{33F8F2B1-E7B6-452E-96EF-FE92543FC2CB}.Release|Any CPU.Build.0 = Release|Any CPU
	EndGlobalSection
	GlobalSection(SolutionProperties) = preSolution
		HideSolutionNode = FALSE
	EndGlobalSection
	GlobalSection(ExtensibilityGlobals) = postSolution
		SolutionGuid = {CBEA8221-1CDD-40C6-950F-DD811D693C03}
	EndGlobalSection
EndGlobal
